
Microsoft Visual Studio Solution File, Format Version 12.00
# Visual Studio Version 17
VisualStudioVersion = 17.10.35013.160
MinimumVisualStudioVersion = 10.0.40219.1
Project("{FAE04EC0-301F-11D3-BF4B-00C04F79EFBC}") = "NorthwindBasedWebApplication.API", "NorthwindBasedWebApplication.API\NorthwindBasedWebApplication.API.csproj", "{08787569-5DCA-4D63-B4DE-E175F7BA8DCE}"
EndProject
Global
	GlobalSection(SolutionConfigurationPlatforms) = preSolution
		Debug|Any CPU = Debug|Any CPU
		Release|Any CPU = Release|Any CPU
	EndGlobalSection
	GlobalSection(ProjectConfigurationPlatforms) = postSolution
		{08787569-5DCA-4D63-B4DE-E175F7BA8DCE}.Debug|Any CPU.ActiveCfg = Debug|Any CPU
		{08787569-5DCA-4D63-B4DE-E175F7BA8DCE}.Debug|Any CPU.Build.0 = Debug|Any CPU
		{08787569-5DCA-4D63-B4DE-E175F7BA8DCE}.Release|Any CPU.ActiveCfg = Release|Any CPU
		{08787569-5DCA-4D63-B4DE-E175F7BA8DCE}.Release|Any CPU.Build.0 = Release|Any CPU
	EndGlobalSection
	GlobalSection(SolutionProperties) = preSolution
		HideSolutionNode = FALSE
	EndGlobalSection
	GlobalSection(ExtensibilityGlobals) = postSolution
		SolutionGuid = {B7EC6F83-3086-447A-B29B-2D2D21EB9932}
	EndGlobalSection
EndGlobal
